<?xml version="1.0" encoding="UTF-8"?>
<CodeBlocks_project_file>
	<FileVersion major="1" minor="6"/>
	<Project>
		<Option title="cpp_learn"/>
		<Option makefile_is_custom="1"/>
		<Option compiler="msvc8"/>
		<Option virtualFolders="CMake Files\;"/>
		<Build>
			<Target title="all">
				<Option working_dir="G:/project/cpp_learn"/>
				<Option type="4"/>
				<MakeCommands>
					<Build command="nmake /NOLOGO /f G:\project\cpp_learn\Makefile VERBOSE=1 all"/>
					<CompileFile command="nmake /NOLOGO /f G:\project\cpp_learn\Makefile VERBOSE=1 &quot;$file&quot;"/>
					<Clean command="nmake /NOLOGO /f G:\project\cpp_learn\Makefile VERBOSE=1 clean"/>
					<DistClean command="nmake /NOLOGO /f G:\project\cpp_learn\Makefile VERBOSE=1 clean"/>
				</MakeCommands>
			</Target>
			<Target title="cpp_learn">
				<Option output="G:/project/cpp_learn/cpp_learn.exe" prefix_auto="0" extension_auto="0"/>
				<Option working_dir="G:/project/cpp_learn"/>
				<Option object_output="./"/>
				<Option type="1"/>
				<Option compiler="msvc8"/>
				<Compiler>
					<Add directory="E:\vs\vs2022\VC\Tools\MSVC\14.29.30133\ATLMFC\include"/>
					<Add directory="E:\vs\vs2022\VC\Tools\MSVC\14.29.30133\include"/>
					<Add directory="C:\Program Files (x86)\Windows Kits\NETFXSDK\4.8\include\um"/>
					<Add directory="E:\Windows Kits\10\include\10.0.19041.0\ucrt"/>
					<Add directory="E:\Windows Kits\10\include\10.0.19041.0\shared"/>
					<Add directory="E:\Windows Kits\10\include\10.0.19041.0\um"/>
					<Add directory="E:\Windows Kits\10\include\10.0.19041.0\winrt"/>
					<Add directory="E:\Windows Kits\10\include\10.0.19041.0\cppwinrt"/>
				</Compiler>
				<MakeCommands>
					<Build command="nmake /NOLOGO /f G:\project\cpp_learn\Makefile VERBOSE=1 cpp_learn"/>
					<CompileFile command="nmake /NOLOGO /f G:\project\cpp_learn\Makefile VERBOSE=1 &quot;$file&quot;"/>
					<Clean command="nmake /NOLOGO /f G:\project\cpp_learn\Makefile VERBOSE=1 clean"/>
					<DistClean command="nmake /NOLOGO /f G:\project\cpp_learn\Makefile VERBOSE=1 clean"/>
				</MakeCommands>
			</Target>
			<Target title="cpp_learn/fast">
				<Option output="G:/project/cpp_learn/cpp_learn.exe" prefix_auto="0" extension_auto="0"/>
				<Option working_dir="G:/project/cpp_learn"/>
				<Option object_output="./"/>
				<Option type="1"/>
				<Option compiler="msvc8"/>
				<Compiler>
					<Add directory="E:\vs\vs2022\VC\Tools\MSVC\14.29.30133\ATLMFC\include"/>
					<Add directory="E:\vs\vs2022\VC\Tools\MSVC\14.29.30133\include"/>
					<Add directory="C:\Program Files (x86)\Windows Kits\NETFXSDK\4.8\include\um"/>
					<Add directory="E:\Windows Kits\10\include\10.0.19041.0\ucrt"/>
					<Add directory="E:\Windows Kits\10\include\10.0.19041.0\shared"/>
					<Add directory="E:\Windows Kits\10\include\10.0.19041.0\um"/>
					<Add directory="E:\Windows Kits\10\include\10.0.19041.0\winrt"/>
					<Add directory="E:\Windows Kits\10\include\10.0.19041.0\cppwinrt"/>
				</Compiler>
				<MakeCommands>
					<Build command="nmake /NOLOGO /f G:\project\cpp_learn\Makefile VERBOSE=1 cpp_learn/fast"/>
					<CompileFile command="nmake /NOLOGO /f G:\project\cpp_learn\Makefile VERBOSE=1 &quot;$file&quot;"/>
					<Clean command="nmake /NOLOGO /f G:\project\cpp_learn\Makefile VERBOSE=1 clean"/>
					<DistClean command="nmake /NOLOGO /f G:\project\cpp_learn\Makefile VERBOSE=1 clean"/>
				</MakeCommands>
			</Target>
			<Target title="edit_cache">
				<Option working_dir="G:/project/cpp_learn"/>
				<Option type="4"/>
				<MakeCommands>
					<Build command="nmake /NOLOGO /f G:\project\cpp_learn\Makefile VERBOSE=1 edit_cache"/>
					<CompileFile command="nmake /NOLOGO /f G:\project\cpp_learn\Makefile VERBOSE=1 &quot;$file&quot;"/>
					<Clean command="nmake /NOLOGO /f G:\project\cpp_learn\Makefile VERBOSE=1 clean"/>
					<DistClean command="nmake /NOLOGO /f G:\project\cpp_learn\Makefile VERBOSE=1 clean"/>
				</MakeCommands>
			</Target>
			<Target title="rebuild_cache">
				<Option working_dir="G:/project/cpp_learn"/>
				<Option type="4"/>
				<MakeCommands>
					<Build command="nmake /NOLOGO /f G:\project\cpp_learn\Makefile VERBOSE=1 rebuild_cache"/>
					<CompileFile command="nmake /NOLOGO /f G:\project\cpp_learn\Makefile VERBOSE=1 &quot;$file&quot;"/>
					<Clean command="nmake /NOLOGO /f G:\project\cpp_learn\Makefile VERBOSE=1 clean"/>
					<DistClean command="nmake /NOLOGO /f G:\project\cpp_learn\Makefile VERBOSE=1 clean"/>
				</MakeCommands>
			</Target>
		</Build>
		<Unit filename="G:/project/cpp_learn/header/calculate.h">
			<Option target="cpp_learn"/>
		</Unit>
		<Unit filename="G:/project/cpp_learn/header/utility.h">
			<Option target="cpp_learn"/>
		</Unit>
		<Unit filename="G:/project/cpp_learn/main.c">
			<Option target="cpp_learn"/>
		</Unit>
		<Unit filename="G:/project/cpp_learn/src">
			<Option target="cpp_learn"/>
		</Unit>
		<Unit filename="G:/project/cpp_learn/src/calculate.c">
			<Option target="cpp_learn"/>
		</Unit>
		<Unit filename="G:/project/cpp_learn/src/translation.c">
			<Option target="cpp_learn"/>
		</Unit>
		<Unit filename="G:/project/cpp_learn/src/utility.c">
			<Option target="cpp_learn"/>
		</Unit>
		<Unit filename="G:/project/cpp_learn/CMakeLists.txt">
			<Option virtualFolder="CMake Files\"/>
		</Unit>
	</Project>
</CodeBlocks_project_file>
